
Microsoft Visual Studio Solution File, Format Version 12.00
# Visual Studio Version 17
VisualStudioVersion = 17.6.33829.357
MinimumVisualStudioVersion = 10.0.40219.1
Project("{FAE04EC0-301F-11D3-BF4B-00C04F79EFBC}") = "Rd.Veiculos.Api", "Rd.Veiculos.Api\Rd.Veiculos.Api.csproj", "{4AF44D0A-7BCA-4E11-BFEC-18EDB340D43D}"
EndProject
Project("{FAE04EC0-301F-11D3-BF4B-00C04F79EFBC}") = "Rd.Veiculos.Tests.Unit", "Rd.Veiculos.Tests.Unit\Rd.Veiculos.Tests.Unit.csproj", "{8AA5AE1F-9B62-45BA-A2EE-CEDCFD5760F5}"
	ProjectSection(ProjectDependencies) = postProject
		{4AF44D0A-7BCA-4E11-BFEC-18EDB340D43D} = {4AF44D0A-7BCA-4E11-BFEC-18EDB340D43D}
	EndProjectSection
EndProject
Global
	GlobalSection(SolutionConfigurationPlatforms) = preSolution
		Debug|Any CPU = Debug|Any CPU
		Release|Any CPU = Release|Any CPU
	EndGlobalSection
	GlobalSection(ProjectConfigurationPlatforms) = postSolution
		{4AF44D0A-7BCA-4E11-BFEC-18EDB340D43D}.Debug|Any CPU.ActiveCfg = Debug|Any CPU
		{4AF44D0A-7BCA-4E11-BFEC-18EDB340D43D}.Debug|Any CPU.Build.0 = Debug|Any CPU
		{4AF44D0A-7BCA-4E11-BFEC-18EDB340D43D}.Release|Any CPU.ActiveCfg = Release|Any CPU
		{4AF44D0A-7BCA-4E11-BFEC-18EDB340D43D}.Release|Any CPU.Build.0 = Release|Any CPU
		{8AA5AE1F-9B62-45BA-A2EE-CEDCFD5760F5}.Debug|Any CPU.ActiveCfg = Debug|Any CPU
		{8AA5AE1F-9B62-45BA-A2EE-CEDCFD5760F5}.Debug|Any CPU.Build.0 = Debug|Any CPU
		{8AA5AE1F-9B62-45BA-A2EE-CEDCFD5760F5}.Release|Any CPU.ActiveCfg = Release|Any CPU
		{8AA5AE1F-9B62-45BA-A2EE-CEDCFD5760F5}.Release|Any CPU.Build.0 = Release|Any CPU
	EndGlobalSection
	GlobalSection(SolutionProperties) = preSolution
		HideSolutionNode = FALSE
	EndGlobalSection
	GlobalSection(ExtensibilityGlobals) = postSolution
		SolutionGuid = {A63958E3-10C5-41B1-BBAA-C16CEDB32A2E}
	EndGlobalSection
EndGlobal
