
Microsoft Visual Studio Solution File, Format Version 12.00
# Visual Studio Version 17
VisualStudioVersion = 17.6.33829.357
MinimumVisualStudioVersion = 10.0.40219.1
Project("{9A19103F-16F7-4668-BE54-9A1E7A4F7556}") = "Rd.Veiculos.Tests.Integration", "Rd.Veiculos.Tests.Integration.csproj", "{4621A679-334F-47FD-B779-915933AEA73F}"
EndProject
Global
	GlobalSection(SolutionConfigurationPlatforms) = preSolution
		Debug|Any CPU = Debug|Any CPU
		Release|Any CPU = Release|Any CPU
	EndGlobalSection
	GlobalSection(ProjectConfigurationPlatforms) = postSolution
		{4621A679-334F-47FD-B779-915933AEA73F}.Debug|Any CPU.ActiveCfg = Debug|Any CPU
		{4621A679-334F-47FD-B779-915933AEA73F}.Debug|Any CPU.Build.0 = Debug|Any CPU
		{4621A679-334F-47FD-B779-915933AEA73F}.Release|Any CPU.ActiveCfg = Release|Any CPU
		{4621A679-334F-47FD-B779-915933AEA73F}.Release|Any CPU.Build.0 = Release|Any CPU
	EndGlobalSection
	GlobalSection(SolutionProperties) = preSolution
		HideSolutionNode = FALSE
	EndGlobalSection
	GlobalSection(ExtensibilityGlobals) = postSolution
		SolutionGuid = {6722E156-6E23-4073-9F27-C60301475490}
	EndGlobalSection
EndGlobal
